
Microsoft Visual Studio Solution File, Format Version 12.00
# Visual Studio Version 16
VisualStudioVersion = 16.0.30330.147
MinimumVisualStudioVersion = 10.0.40219.1
Project("{FAE04EC0-301F-11D3-BF4B-00C04F79EFBC}") = "CoinMarketCapNet", "CoinMarketCapNet\CoinMarketCapNet.csproj", "{0D47FAA2-C7D5-4482-9EE0-480A8F3EE27B}"
EndProject
Project("{FAE04EC0-301F-11D3-BF4B-00C04F79EFBC}") = "CoinMarketCapNet.Test", "CoinMarketCapNet.Test\CoinMarketCapNet.Test.csproj", "{7CBF76A6-EAFC-4CB4-803B-33B7DB06DF9D}"
EndProject
Global
	GlobalSection(SolutionConfigurationPlatforms) = preSolution
		Debug|Any CPU = Debug|Any CPU
		Release|Any CPU = Release|Any CPU
	EndGlobalSection
	GlobalSection(ProjectConfigurationPlatforms) = postSolution
		{0D47FAA2-C7D5-4482-9EE0-480A8F3EE27B}.Debug|Any CPU.ActiveCfg = Debug|Any CPU
		{0D47FAA2-C7D5-4482-9EE0-480A8F3EE27B}.Debug|Any CPU.Build.0 = Debug|Any CPU
		{0D47FAA2-C7D5-4482-9EE0-480A8F3EE27B}.Release|Any CPU.ActiveCfg = Release|Any CPU
		{0D47FAA2-C7D5-4482-9EE0-480A8F3EE27B}.Release|Any CPU.Build.0 = Release|Any CPU
		{7CBF76A6-EAFC-4CB4-803B-33B7DB06DF9D}.Debug|Any CPU.ActiveCfg = Debug|Any CPU
		{7CBF76A6-EAFC-4CB4-803B-33B7DB06DF9D}.Debug|Any CPU.Build.0 = Debug|Any CPU
		{7CBF76A6-EAFC-4CB4-803B-33B7DB06DF9D}.Release|Any CPU.ActiveCfg = Release|Any CPU
		{7CBF76A6-EAFC-4CB4-803B-33B7DB06DF9D}.Release|Any CPU.Build.0 = Release|Any CPU
	EndGlobalSection
	GlobalSection(SolutionProperties) = preSolution
		HideSolutionNode = FALSE
	EndGlobalSection
	GlobalSection(ExtensibilityGlobals) = postSolution
		SolutionGuid = {4C22BEE2-48FF-4592-9042-DB496E0345FA}
	EndGlobalSection
EndGlobal
